// !$*UTF8*$!
{
	archiveVersion = 1;
	classes = {
	};
	objectVersion = 46;
	objects = {

/* Begin PBXBuildFile section */
		1CE6B65E1CC2114300B31C04 /* ConfirmedCell.swift in Sources */ = {isa = PBXBuildFile; fileRef = 1CE6B65C1CC2114300B31C04 /* ConfirmedCell.swift */; };
		1CE6B65F1CC2114300B31C04 /* RequestCell.swift in Sources */ = {isa = PBXBuildFile; fileRef = 1CE6B65D1CC2114300B31C04 /* RequestCell.swift */; };
		1CE6B6611CC2114E00B31C04 /* LiveChatVC.swift in Sources */ = {isa = PBXBuildFile; fileRef = 1CE6B6601CC2114E00B31C04 /* LiveChatVC.swift */; };
		6A52EB361CC1177900A6BC5C /* AppDelegate.swift in Sources */ = {isa = PBXBuildFile; fileRef = 6A52EB351CC1177900A6BC5C /* AppDelegate.swift */; };
		6A52EB3B1CC1177A00A6BC5C /* Main.storyboard in Resources */ = {isa = PBXBuildFile; fileRef = 6A52EB391CC1177A00A6BC5C /* Main.storyboard */; };
		6A52EB3D1CC1177A00A6BC5C /* Assets.xcassets in Resources */ = {isa = PBXBuildFile; fileRef = 6A52EB3C1CC1177A00A6BC5C /* Assets.xcassets */; };
		6A52EB401CC1177A00A6BC5C /* LaunchScreen.storyboard in Resources */ = {isa = PBXBuildFile; fileRef = 6A52EB3E1CC1177A00A6BC5C /* LaunchScreen.storyboard */; };
		6A52EB4B1CC1177A00A6BC5C /* AskariTests.swift in Sources */ = {isa = PBXBuildFile; fileRef = 6A52EB4A1CC1177A00A6BC5C /* AskariTests.swift */; };
		6A52EB5F1CC11AF400A6BC5C /* ProfileStoryboard.storyboard in Resources */ = {isa = PBXBuildFile; fileRef = 6A52EB5E1CC11AF400A6BC5C /* ProfileStoryboard.storyboard */; };
		6A52EB631CC12E4A00A6BC5C /* ConnectStoryboard.storyboard in Resources */ = {isa = PBXBuildFile; fileRef = 6A52EB621CC12E4A00A6BC5C /* ConnectStoryboard.storyboard */; };
		6A52EB651CC12E5400A6BC5C /* InfoStoryboard.storyboard in Resources */ = {isa = PBXBuildFile; fileRef = 6A52EB641CC12E5400A6BC5C /* InfoStoryboard.storyboard */; };
		6A52EB671CC1311D00A6BC5C /* ProfileViewController.swift in Sources */ = {isa = PBXBuildFile; fileRef = 6A52EB661CC1311D00A6BC5C /* ProfileViewController.swift */; };
		6A52EB6B1CC1317600A6BC5C /* ConnectViewController.swift in Sources */ = {isa = PBXBuildFile; fileRef = 6A52EB6A1CC1317600A6BC5C /* ConnectViewController.swift */; };
		6A52EB6F1CC131D500A6BC5C /* ResultsStoryboard.storyboard in Resources */ = {isa = PBXBuildFile; fileRef = 6A52EB6E1CC131D500A6BC5C /* ResultsStoryboard.storyboard */; };
		6A52EB711CC1325800A6BC5C /* ResultsCollectionViewController.swift in Sources */ = {isa = PBXBuildFile; fileRef = 6A52EB701CC1325800A6BC5C /* ResultsCollectionViewController.swift */; };
		6A52EB731CC1327600A6BC5C /* ResultsDetailViewController.swift in Sources */ = {isa = PBXBuildFile; fileRef = 6A52EB721CC1327600A6BC5C /* ResultsDetailViewController.swift */; };
		6A52EB771CC18FC500A6BC5C /* SignUpStoryboard.storyboard in Resources */ = {isa = PBXBuildFile; fileRef = 6A52EB761CC18FC500A6BC5C /* SignUpStoryboard.storyboard */; };
		6A52EB791CC18FEE00A6BC5C /* SelectTypeViewController.swift in Sources */ = {isa = PBXBuildFile; fileRef = 6A52EB781CC18FEE00A6BC5C /* SelectTypeViewController.swift */; };
		6A52EB7D1CC190FF00A6BC5C /* CustomTabBarController.swift in Sources */ = {isa = PBXBuildFile; fileRef = 6A52EB7C1CC190FF00A6BC5C /* CustomTabBarController.swift */; };
		6A6736451CC1C9F700E0646C /* SignUpTableViewController.swift in Sources */ = {isa = PBXBuildFile; fileRef = 6A6736441CC1C9F700E0646C /* SignUpTableViewController.swift */; };
		6A67364A1CC1DD8600E0646C /* ShareProfileViewController.swift in Sources */ = {isa = PBXBuildFile; fileRef = 6A6736481CC1DD8600E0646C /* ShareProfileViewController.swift */; };
		6A67364B1CC1DD8600E0646C /* ShareProfileViewController.xib in Resources */ = {isa = PBXBuildFile; fileRef = 6A6736491CC1DD8600E0646C /* ShareProfileViewController.xib */; };
		6A67364F1CC1F49400E0646C /* ResultCollectionCell.swift in Sources */ = {isa = PBXBuildFile; fileRef = 6A67364D1CC1F49400E0646C /* ResultCollectionCell.swift */; };
		6A6736501CC1F49400E0646C /* ResultCollectionCell.xib in Resources */ = {isa = PBXBuildFile; fileRef = 6A67364E1CC1F49400E0646C /* ResultCollectionCell.xib */; };
		6AA418531CC1A55A0075DB00 /* AskariAPI.swift in Sources */ = {isa = PBXBuildFile; fileRef = 6AA418521CC1A55A0075DB00 /* AskariAPI.swift */; };
		6AE27E0B1CC19D030010AD09 /* EntityManager.swift in Sources */ = {isa = PBXBuildFile; fileRef = 6AE27E0A1CC19D030010AD09 /* EntityManager.swift */; };
		6AE27E0D1CC19D760010AD09 /* EntityModel.swift in Sources */ = {isa = PBXBuildFile; fileRef = 6AE27E0C1CC19D760010AD09 /* EntityModel.swift */; };
		D90953581E924AF146549908 /* Pods_Askari.framework in Frameworks */ = {isa = PBXBuildFile; fileRef = 4B25C5027DD2EC4B8512F8D1 /* Pods_Askari.framework */; };
		E78F3433E60B51B2055AF2C3 /* Pods_AskariTests.framework in Frameworks */ = {isa = PBXBuildFile; fileRef = 4E630C25E1D3EF1069473160 /* Pods_AskariTests.framework */; };
/* End PBXBuildFile section */

/* Begin PBXContainerItemProxy section */
		6A52EB471CC1177A00A6BC5C /* PBXContainerItemProxy */ = {
			isa = PBXContainerItemProxy;
			containerPortal = 6A52EB2A1CC1177900A6BC5C /* Project object */;
			proxyType = 1;
			remoteGlobalIDString = 6A52EB311CC1177900A6BC5C;
			remoteInfo = Askari;
		};
/* End PBXContainerItemProxy section */

/* Begin PBXFileReference section */
		1CE6B65C1CC2114300B31C04 /* ConfirmedCell.swift */ = {isa = PBXFileReference; fileEncoding = 4; lastKnownFileType = sourcecode.swift; path = ConfirmedCell.swift; sourceTree = "<group>"; };
		1CE6B65D1CC2114300B31C04 /* RequestCell.swift */ = {isa = PBXFileReference; fileEncoding = 4; lastKnownFileType = sourcecode.swift; path = RequestCell.swift; sourceTree = "<group>"; };
		1CE6B6601CC2114E00B31C04 /* LiveChatVC.swift */ = {isa = PBXFileReference; fileEncoding = 4; lastKnownFileType = sourcecode.swift; path = LiveChatVC.swift; sourceTree = "<group>"; };
		4B25C5027DD2EC4B8512F8D1 /* Pods_Askari.framework */ = {isa = PBXFileReference; explicitFileType = wrapper.framework; includeInIndex = 0; path = Pods_Askari.framework; sourceTree = BUILT_PRODUCTS_DIR; };
		4E630C25E1D3EF1069473160 /* Pods_AskariTests.framework */ = {isa = PBXFileReference; explicitFileType = wrapper.framework; includeInIndex = 0; path = Pods_AskariTests.framework; sourceTree = BUILT_PRODUCTS_DIR; };
		68C8D80C8F0C72D5D4857CFF /* Pods-AskariTests.debug.xcconfig */ = {isa = PBXFileReference; includeInIndex = 1; lastKnownFileType = text.xcconfig; name = "Pods-AskariTests.debug.xcconfig"; path = "Pods/Target Support Files/Pods-AskariTests/Pods-AskariTests.debug.xcconfig"; sourceTree = "<group>"; };
		6A52EB321CC1177900A6BC5C /* Askari.app */ = {isa = PBXFileReference; explicitFileType = wrapper.application; includeInIndex = 0; path = Askari.app; sourceTree = BUILT_PRODUCTS_DIR; };
		6A52EB351CC1177900A6BC5C /* AppDelegate.swift */ = {isa = PBXFileReference; lastKnownFileType = sourcecode.swift; path = AppDelegate.swift; sourceTree = "<group>"; };
		6A52EB3A1CC1177A00A6BC5C /* Base */ = {isa = PBXFileReference; lastKnownFileType = file.storyboard; name = Base; path = Base.lproj/Main.storyboard; sourceTree = "<group>"; };
		6A52EB3C1CC1177A00A6BC5C /* Assets.xcassets */ = {isa = PBXFileReference; lastKnownFileType = folder.assetcatalog; path = Assets.xcassets; sourceTree = "<group>"; };
		6A52EB3F1CC1177A00A6BC5C /* Base */ = {isa = PBXFileReference; lastKnownFileType = file.storyboard; name = Base; path = Base.lproj/LaunchScreen.storyboard; sourceTree = "<group>"; };
		6A52EB411CC1177A00A6BC5C /* Info.plist */ = {isa = PBXFileReference; lastKnownFileType = text.plist.xml; path = Info.plist; sourceTree = "<group>"; };
		6A52EB461CC1177A00A6BC5C /* AskariTests.xctest */ = {isa = PBXFileReference; explicitFileType = wrapper.cfbundle; includeInIndex = 0; path = AskariTests.xctest; sourceTree = BUILT_PRODUCTS_DIR; };
		6A52EB4A1CC1177A00A6BC5C /* AskariTests.swift */ = {isa = PBXFileReference; lastKnownFileType = sourcecode.swift; path = AskariTests.swift; sourceTree = "<group>"; };
		6A52EB4C1CC1177A00A6BC5C /* Info.plist */ = {isa = PBXFileReference; lastKnownFileType = text.plist.xml; path = Info.plist; sourceTree = "<group>"; };
		6A52EB5E1CC11AF400A6BC5C /* ProfileStoryboard.storyboard */ = {isa = PBXFileReference; fileEncoding = 4; lastKnownFileType = file.storyboard; path = ProfileStoryboard.storyboard; sourceTree = "<group>"; };
		6A52EB621CC12E4A00A6BC5C /* ConnectStoryboard.storyboard */ = {isa = PBXFileReference; fileEncoding = 4; lastKnownFileType = file.storyboard; path = ConnectStoryboard.storyboard; sourceTree = "<group>"; };
		6A52EB641CC12E5400A6BC5C /* InfoStoryboard.storyboard */ = {isa = PBXFileReference; fileEncoding = 4; lastKnownFileType = file.storyboard; path = InfoStoryboard.storyboard; sourceTree = "<group>"; };
		6A52EB661CC1311D00A6BC5C /* ProfileViewController.swift */ = {isa = PBXFileReference; fileEncoding = 4; lastKnownFileType = sourcecode.swift; path = ProfileViewController.swift; sourceTree = "<group>"; };
		6A52EB6A1CC1317600A6BC5C /* ConnectViewController.swift */ = {isa = PBXFileReference; fileEncoding = 4; lastKnownFileType = sourcecode.swift; path = ConnectViewController.swift; sourceTree = "<group>"; };
		6A52EB6E1CC131D500A6BC5C /* ResultsStoryboard.storyboard */ = {isa = PBXFileReference; fileEncoding = 4; lastKnownFileType = file.storyboard; path = ResultsStoryboard.storyboard; sourceTree = "<group>"; };
		6A52EB701CC1325800A6BC5C /* ResultsCollectionViewController.swift */ = {isa = PBXFileReference; fileEncoding = 4; lastKnownFileType = sourcecode.swift; path = ResultsCollectionViewController.swift; sourceTree = "<group>"; };
		6A52EB721CC1327600A6BC5C /* ResultsDetailViewController.swift */ = {isa = PBXFileReference; fileEncoding = 4; lastKnownFileType = sourcecode.swift; path = ResultsDetailViewController.swift; sourceTree = "<group>"; };
		6A52EB761CC18FC500A6BC5C /* SignUpStoryboard.storyboard */ = {isa = PBXFileReference; fileEncoding = 4; lastKnownFileType = file.storyboard; path = SignUpStoryboard.storyboard; sourceTree = "<group>"; };
		6A52EB781CC18FEE00A6BC5C /* SelectTypeViewController.swift */ = {isa = PBXFileReference; fileEncoding = 4; lastKnownFileType = sourcecode.swift; path = SelectTypeViewController.swift; sourceTree = "<group>"; };
		6A52EB7C1CC190FF00A6BC5C /* CustomTabBarController.swift */ = {isa = PBXFileReference; fileEncoding = 4; lastKnownFileType = sourcecode.swift; name = CustomTabBarController.swift; path = ../CustomTabBarController.swift; sourceTree = "<group>"; };
		6A6736441CC1C9F700E0646C /* SignUpTableViewController.swift */ = {isa = PBXFileReference; fileEncoding = 4; lastKnownFileType = sourcecode.swift; path = SignUpTableViewController.swift; sourceTree = "<group>"; };
		6A6736481CC1DD8600E0646C /* ShareProfileViewController.swift */ = {isa = PBXFileReference; fileEncoding = 4; lastKnownFileType = sourcecode.swift; path = ShareProfileViewController.swift; sourceTree = "<group>"; };
		6A6736491CC1DD8600E0646C /* ShareProfileViewController.xib */ = {isa = PBXFileReference; fileEncoding = 4; lastKnownFileType = file.xib; path = ShareProfileViewController.xib; sourceTree = "<group>"; };
		6A67364D1CC1F49400E0646C /* ResultCollectionCell.swift */ = {isa = PBXFileReference; fileEncoding = 4; lastKnownFileType = sourcecode.swift; path = ResultCollectionCell.swift; sourceTree = "<group>"; };
		6A67364E1CC1F49400E0646C /* ResultCollectionCell.xib */ = {isa = PBXFileReference; fileEncoding = 4; lastKnownFileType = file.xib; path = ResultCollectionCell.xib; sourceTree = "<group>"; };
		6AA418521CC1A55A0075DB00 /* AskariAPI.swift */ = {isa = PBXFileReference; fileEncoding = 4; lastKnownFileType = sourcecode.swift; path = AskariAPI.swift; sourceTree = "<group>"; };
		6AE27E0A1CC19D030010AD09 /* EntityManager.swift */ = {isa = PBXFileReference; fileEncoding = 4; lastKnownFileType = sourcecode.swift; path = EntityManager.swift; sourceTree = "<group>"; };
		6AE27E0C1CC19D760010AD09 /* EntityModel.swift */ = {isa = PBXFileReference; fileEncoding = 4; lastKnownFileType = sourcecode.swift; path = EntityModel.swift; sourceTree = "<group>"; };
		9B80183316DC9A67B74C7E91 /* Pods-AskariTests.release.xcconfig */ = {isa = PBXFileReference; includeInIndex = 1; lastKnownFileType = text.xcconfig; name = "Pods-AskariTests.release.xcconfig"; path = "Pods/Target Support Files/Pods-AskariTests/Pods-AskariTests.release.xcconfig"; sourceTree = "<group>"; };
		A46D759E4A1E70A22AAB53E3 /* Pods-Askari.debug.xcconfig */ = {isa = PBXFileReference; includeInIndex = 1; lastKnownFileType = text.xcconfig; name = "Pods-Askari.debug.xcconfig"; path = "Pods/Target Support Files/Pods-Askari/Pods-Askari.debug.xcconfig"; sourceTree = "<group>"; };
		E445731E021F2D05419617AC /* Pods-Askari.release.xcconfig */ = {isa = PBXFileReference; includeInIndex = 1; lastKnownFileType = text.xcconfig; name = "Pods-Askari.release.xcconfig"; path = "Pods/Target Support Files/Pods-Askari/Pods-Askari.release.xcconfig"; sourceTree = "<group>"; };
/* End PBXFileReference section */

/* Begin PBXFrameworksBuildPhase section */
		6A52EB2F1CC1177900A6BC5C /* Frameworks */ = {
			isa = PBXFrameworksBuildPhase;
			buildActionMask = 2147483647;
			files = (
				D90953581E924AF146549908 /* Pods_Askari.framework in Frameworks */,
			);
			runOnlyForDeploymentPostprocessing = 0;
		};
		6A52EB431CC1177A00A6BC5C /* Frameworks */ = {
			isa = PBXFrameworksBuildPhase;
			buildActionMask = 2147483647;
			files = (
				E78F3433E60B51B2055AF2C3 /* Pods_AskariTests.framework in Frameworks */,
			);
			runOnlyForDeploymentPostprocessing = 0;
		};
/* End PBXFrameworksBuildPhase section */

/* Begin PBXGroup section */
		6A52EB291CC1177900A6BC5C = {
			isa = PBXGroup;
			children = (
				6A52EB341CC1177900A6BC5C /* Askari */,
				6A52EB491CC1177A00A6BC5C /* AskariTests */,
				6A52EB331CC1177900A6BC5C /* Products */,
				A088BF975286D8402F733597 /* Pods */,
				C37A7F179153B3AA35B93EA6 /* Frameworks */,
			);
			sourceTree = "<group>";
		};
		6A52EB331CC1177900A6BC5C /* Products */ = {
			isa = PBXGroup;
			children = (
				6A52EB321CC1177900A6BC5C /* Askari.app */,
				6A52EB461CC1177A00A6BC5C /* AskariTests.xctest */,
			);
			name = Products;
			sourceTree = "<group>";
		};
		6A52EB341CC1177900A6BC5C /* Askari */ = {
			isa = PBXGroup;
			children = (
				6AE27E0E1CC1A48B0010AD09 /* Networking */,
				6AE27E071CC19B960010AD09 /* Data */,
				6A52EB551CC118B400A6BC5C /* SignUp */,
				6A52EB561CC119E000A6BC5C /* Profile */,
				6A52EB571CC119EE00A6BC5C /* Results */,
				6A52EB581CC11A1300A6BC5C /* Connect */,
				6A52EB591CC11A2700A6BC5C /* Info */,
				6A52EB351CC1177900A6BC5C /* AppDelegate.swift */,
				6A52EB391CC1177A00A6BC5C /* Main.storyboard */,
				6A52EB7C1CC190FF00A6BC5C /* CustomTabBarController.swift */,
				6A52EB3C1CC1177A00A6BC5C /* Assets.xcassets */,
				6A52EB3E1CC1177A00A6BC5C /* LaunchScreen.storyboard */,
				6A52EB411CC1177A00A6BC5C /* Info.plist */,
			);
			path = Askari;
			sourceTree = "<group>";
		};
		6A52EB491CC1177A00A6BC5C /* AskariTests */ = {
			isa = PBXGroup;
			children = (
				6A52EB4A1CC1177A00A6BC5C /* AskariTests.swift */,
				6A52EB4C1CC1177A00A6BC5C /* Info.plist */,
			);
			path = AskariTests;
			sourceTree = "<group>";
		};
		6A52EB551CC118B400A6BC5C /* SignUp */ = {
			isa = PBXGroup;
			children = (
				6A52EB761CC18FC500A6BC5C /* SignUpStoryboard.storyboard */,
				6A52EB781CC18FEE00A6BC5C /* SelectTypeViewController.swift */,
				6A6736441CC1C9F700E0646C /* SignUpTableViewController.swift */,
			);
			name = SignUp;
			sourceTree = "<group>";
		};
		6A52EB561CC119E000A6BC5C /* Profile */ = {
			isa = PBXGroup;
			children = (
				6A52EB5E1CC11AF400A6BC5C /* ProfileStoryboard.storyboard */,
				6A52EB661CC1311D00A6BC5C /* ProfileViewController.swift */,
				6A6736471CC1DD5700E0646C /* Shared */,
			);
			name = Profile;
			sourceTree = "<group>";
		};
		6A52EB571CC119EE00A6BC5C /* Results */ = {
			isa = PBXGroup;
			children = (
				6A52EB6E1CC131D500A6BC5C /* ResultsStoryboard.storyboard */,
				6A52EB701CC1325800A6BC5C /* ResultsCollectionViewController.swift */,
				6A52EB721CC1327600A6BC5C /* ResultsDetailViewController.swift */,
				6A67364C1CC1F46800E0646C /* Cell View */,
			);
			name = Results;
			sourceTree = "<group>";
		};
		6A52EB581CC11A1300A6BC5C /* Connect */ = {
			isa = PBXGroup;
			children = (
				6A52EB621CC12E4A00A6BC5C /* ConnectStoryboard.storyboard */,
				6A52EB6A1CC1317600A6BC5C /* ConnectViewController.swift */,
				1CE6B65C1CC2114300B31C04 /* ConfirmedCell.swift */,
				1CE6B65D1CC2114300B31C04 /* RequestCell.swift */,
				1CE6B6601CC2114E00B31C04 /* LiveChatVC.swift */,
			);
			name = Connect;
			sourceTree = "<group>";
		};
		6A52EB591CC11A2700A6BC5C /* Info */ = {
			isa = PBXGroup;
			children = (
				6A52EB641CC12E5400A6BC5C /* InfoStoryboard.storyboard */,
			);
			name = Info;
			sourceTree = "<group>";
		};
		6A6736471CC1DD5700E0646C /* Shared */ = {
			isa = PBXGroup;
			children = (
				6A6736481CC1DD8600E0646C /* ShareProfileViewController.swift */,
				6A6736491CC1DD8600E0646C /* ShareProfileViewController.xib */,
			);
			name = Shared;
			sourceTree = "<group>";
		};
		6A67364C1CC1F46800E0646C /* Cell View */ = {
			isa = PBXGroup;
			children = (
				6A67364D1CC1F49400E0646C /* ResultCollectionCell.swift */,
				6A67364E1CC1F49400E0646C /* ResultCollectionCell.xib */,
			);
			name = "Cell View";
			sourceTree = "<group>";
		};
		6AE27E071CC19B960010AD09 /* Data */ = {
			isa = PBXGroup;
			children = (
				6AE27E0A1CC19D030010AD09 /* EntityManager.swift */,
				6AE27E0C1CC19D760010AD09 /* EntityModel.swift */,
			);
			name = Data;
			sourceTree = "<group>";
		};
		6AE27E0E1CC1A48B0010AD09 /* Networking */ = {
			isa = PBXGroup;
			children = (
				6AA418521CC1A55A0075DB00 /* AskariAPI.swift */,
			);
			name = Networking;
			sourceTree = "<group>";
		};
		A088BF975286D8402F733597 /* Pods */ = {
			isa = PBXGroup;
			children = (
				A46D759E4A1E70A22AAB53E3 /* Pods-Askari.debug.xcconfig */,
				E445731E021F2D05419617AC /* Pods-Askari.release.xcconfig */,
				68C8D80C8F0C72D5D4857CFF /* Pods-AskariTests.debug.xcconfig */,
				9B80183316DC9A67B74C7E91 /* Pods-AskariTests.release.xcconfig */,
			);
			name = Pods;
			sourceTree = "<group>";
		};
		C37A7F179153B3AA35B93EA6 /* Frameworks */ = {
			isa = PBXGroup;
			children = (
				4B25C5027DD2EC4B8512F8D1 /* Pods_Askari.framework */,
				4E630C25E1D3EF1069473160 /* Pods_AskariTests.framework */,
			);
			name = Frameworks;
			sourceTree = "<group>";
		};
/* End PBXGroup section */

/* Begin PBXNativeTarget section */
		6A52EB311CC1177900A6BC5C /* Askari */ = {
			isa = PBXNativeTarget;
			buildConfigurationList = 6A52EB4F1CC1177A00A6BC5C /* Build configuration list for PBXNativeTarget "Askari" */;
			buildPhases = (
				1CCA010A600BCAB8CC198295 /* 📦 Check Pods Manifest.lock */,
				6A52EB2E1CC1177900A6BC5C /* Sources */,
				6A52EB2F1CC1177900A6BC5C /* Frameworks */,
				6A52EB301CC1177900A6BC5C /* Resources */,
				4ACA66A075AEE50FF548C412 /* 📦 Embed Pods Frameworks */,
				F35DBEBA9BA37A6AF2AC0F89 /* 📦 Copy Pods Resources */,
			);
			buildRules = (
			);
			dependencies = (
			);
			name = Askari;
			productName = Askari;
			productReference = 6A52EB321CC1177900A6BC5C /* Askari.app */;
			productType = "com.apple.product-type.application";
		};
		6A52EB451CC1177A00A6BC5C /* AskariTests */ = {
			isa = PBXNativeTarget;
			buildConfigurationList = 6A52EB521CC1177A00A6BC5C /* Build configuration list for PBXNativeTarget "AskariTests" */;
			buildPhases = (
				1030904F5134E1A2CA72791F /* 📦 Check Pods Manifest.lock */,
				6A52EB421CC1177A00A6BC5C /* Sources */,
				6A52EB431CC1177A00A6BC5C /* Frameworks */,
				6A52EB441CC1177A00A6BC5C /* Resources */,
				4F760CCCE9F3DB9D3FF09750 /* 📦 Embed Pods Frameworks */,
				47CB5F1CD58E61482FCFBACE /* 📦 Copy Pods Resources */,
			);
			buildRules = (
			);
			dependencies = (
				6A52EB481CC1177A00A6BC5C /* PBXTargetDependency */,
			);
			name = AskariTests;
			productName = AskariTests;
			productReference = 6A52EB461CC1177A00A6BC5C /* AskariTests.xctest */;
			productType = "com.apple.product-type.bundle.unit-test";
		};
/* End PBXNativeTarget section */

/* Begin PBXProject section */
		6A52EB2A1CC1177900A6BC5C /* Project object */ = {
			isa = PBXProject;
			attributes = {
				LastSwiftUpdateCheck = 0730;
				LastUpgradeCheck = 0730;
				ORGANIZATIONNAME = "Pk Heng";
				TargetAttributes = {
					6A52EB311CC1177900A6BC5C = {
						CreatedOnToolsVersion = 7.3;
					};
					6A52EB451CC1177A00A6BC5C = {
						CreatedOnToolsVersion = 7.3;
						TestTargetID = 6A52EB311CC1177900A6BC5C;
					};
				};
			};
			buildConfigurationList = 6A52EB2D1CC1177900A6BC5C /* Build configuration list for PBXProject "Askari" */;
			compatibilityVersion = "Xcode 3.2";
			developmentRegion = English;
			hasScannedForEncodings = 0;
			knownRegions = (
				en,
				Base,
			);
			mainGroup = 6A52EB291CC1177900A6BC5C;
			productRefGroup = 6A52EB331CC1177900A6BC5C /* Products */;
			projectDirPath = "";
			projectRoot = "";
			targets = (
				6A52EB311CC1177900A6BC5C /* Askari */,
				6A52EB451CC1177A00A6BC5C /* AskariTests */,
			);
		};
/* End PBXProject section */

/* Begin PBXResourcesBuildPhase section */
		6A52EB301CC1177900A6BC5C /* Resources */ = {
			isa = PBXResourcesBuildPhase;
			buildActionMask = 2147483647;
			files = (
				6A6736501CC1F49400E0646C /* ResultCollectionCell.xib in Resources */,
				6A67364B1CC1DD8600E0646C /* ShareProfileViewController.xib in Resources */,
				6A52EB401CC1177A00A6BC5C /* LaunchScreen.storyboard in Resources */,
				6A52EB3D1CC1177A00A6BC5C /* Assets.xcassets in Resources */,
				6A52EB3B1CC1177A00A6BC5C /* Main.storyboard in Resources */,
				6A52EB651CC12E5400A6BC5C /* InfoStoryboard.storyboard in Resources */,
				6A52EB5F1CC11AF400A6BC5C /* ProfileStoryboard.storyboard in Resources */,
				6A52EB6F1CC131D500A6BC5C /* ResultsStoryboard.storyboard in Resources */,
				6A52EB771CC18FC500A6BC5C /* SignUpStoryboard.storyboard in Resources */,
				6A52EB631CC12E4A00A6BC5C /* ConnectStoryboard.storyboard in Resources */,
			);
			runOnlyForDeploymentPostprocessing = 0;
		};
		6A52EB441CC1177A00A6BC5C /* Resources */ = {
			isa = PBXResourcesBuildPhase;
			buildActionMask = 2147483647;
			files = (
			);
			runOnlyForDeploymentPostprocessing = 0;
		};
/* End PBXResourcesBuildPhase section */

/* Begin PBXShellScriptBuildPhase section */
		1030904F5134E1A2CA72791F /* 📦 Check Pods Manifest.lock */ = {
			isa = PBXShellScriptBuildPhase;
			buildActionMask = 2147483647;
			files = (
			);
			inputPaths = (
			);
			name = "📦 Check Pods Manifest.lock";
			outputPaths = (
			);
			runOnlyForDeploymentPostprocessing = 0;
			shellPath = /bin/sh;
			shellScript = "diff \"${PODS_ROOT}/../Podfile.lock\" \"${PODS_ROOT}/Manifest.lock\" > /dev/null\nif [[ $? != 0 ]] ; then\n    cat << EOM\nerror: The sandbox is not in sync with the Podfile.lock. Run 'pod install' or update your CocoaPods installation.\nEOM\n    exit 1\nfi\n";
			showEnvVarsInLog = 0;
		};
		1CCA010A600BCAB8CC198295 /* 📦 Check Pods Manifest.lock */ = {
			isa = PBXShellScriptBuildPhase;
			buildActionMask = 2147483647;
			files = (
			);
			inputPaths = (
			);
			name = "📦 Check Pods Manifest.lock";
			outputPaths = (
			);
			runOnlyForDeploymentPostprocessing = 0;
			shellPath = /bin/sh;
			shellScript = "diff \"${PODS_ROOT}/../Podfile.lock\" \"${PODS_ROOT}/Manifest.lock\" > /dev/null\nif [[ $? != 0 ]] ; then\n    cat << EOM\nerror: The sandbox is not in sync with the Podfile.lock. Run 'pod install' or update your CocoaPods installation.\nEOM\n    exit 1\nfi\n";
			showEnvVarsInLog = 0;
		};
		47CB5F1CD58E61482FCFBACE /* 📦 Copy Pods Resources */ = {
			isa = PBXShellScriptBuildPhase;
			buildActionMask = 2147483647;
			files = (
			);
			inputPaths = (
			);
			name = "📦 Copy Pods Resources";
			outputPaths = (
			);
			runOnlyForDeploymentPostprocessing = 0;
			shellPath = /bin/sh;
			shellScript = "\"${SRCROOT}/Pods/Target Support Files/Pods-AskariTests/Pods-AskariTests-resources.sh\"\n";
			showEnvVarsInLog = 0;
		};
		4ACA66A075AEE50FF548C412 /* 📦 Embed Pods Frameworks */ = {
			isa = PBXShellScriptBuildPhase;
			buildActionMask = 2147483647;
			files = (
			);
			inputPaths = (
			);
			name = "📦 Embed Pods Frameworks";
			outputPaths = (
			);
			runOnlyForDeploymentPostprocessing = 0;
			shellPath = /bin/sh;
			shellScript = "\"${SRCROOT}/Pods/Target Support Files/Pods-Askari/Pods-Askari-frameworks.sh\"\n";
			showEnvVarsInLog = 0;
		};
		4F760CCCE9F3DB9D3FF09750 /* 📦 Embed Pods Frameworks */ = {
			isa = PBXShellScriptBuildPhase;
			buildActionMask = 2147483647;
			files = (
			);
			inputPaths = (
			);
			name = "📦 Embed Pods Frameworks";
			outputPaths = (
			);
			runOnlyForDeploymentPostprocessing = 0;
			shellPath = /bin/sh;
			shellScript = "\"${SRCROOT}/Pods/Target Support Files/Pods-AskariTests/Pods-AskariTests-frameworks.sh\"\n";
			showEnvVarsInLog = 0;
		};
		F35DBEBA9BA37A6AF2AC0F89 /* 📦 Copy Pods Resources */ = {
			isa = PBXShellScriptBuildPhase;
			buildActionMask = 2147483647;
			files = (
			);
			inputPaths = (
			);
			name = "📦 Copy Pods Resources";
			outputPaths = (
			);
			runOnlyForDeploymentPostprocessing = 0;
			shellPath = /bin/sh;
			shellScript = "\"${SRCROOT}/Pods/Target Support Files/Pods-Askari/Pods-Askari-resources.sh\"\n";
			showEnvVarsInLog = 0;
		};
/* End PBXShellScriptBuildPhase section */

/* Begin PBXSourcesBuildPhase section */
		6A52EB2E1CC1177900A6BC5C /* Sources */ = {
			isa = PBXSourcesBuildPhase;
			buildActionMask = 2147483647;
			files = (
				6A52EB731CC1327600A6BC5C /* ResultsDetailViewController.swift in Sources */,
				6A52EB7D1CC190FF00A6BC5C /* CustomTabBarController.swift in Sources */,
				6AE27E0B1CC19D030010AD09 /* EntityManager.swift in Sources */,
				6AE27E0D1CC19D760010AD09 /* EntityModel.swift in Sources */,
				6A52EB791CC18FEE00A6BC5C /* SelectTypeViewController.swift in Sources */,
				1CE6B65F1CC2114300B31C04 /* RequestCell.swift in Sources */,
				6AA418531CC1A55A0075DB00 /* AskariAPI.swift in Sources */,
				6A52EB671CC1311D00A6BC5C /* ProfileViewController.swift in Sources */,
				6A6736451CC1C9F700E0646C /* SignUpTableViewController.swift in Sources */,
				6A52EB711CC1325800A6BC5C /* ResultsCollectionViewController.swift in Sources */,
				6A52EB6B1CC1317600A6BC5C /* ConnectViewController.swift in Sources */,
				6A67364A1CC1DD8600E0646C /* ShareProfileViewController.swift in Sources */,
				6A67364F1CC1F49400E0646C /* ResultCollectionCell.swift in Sources */,
				1CE6B6611CC2114E00B31C04 /* LiveChatVC.swift in Sources */,
				1CE6B65E1CC2114300B31C04 /* ConfirmedCell.swift in Sources */,
				6A52EB361CC1177900A6BC5C /* AppDelegate.swift in Sources */,
			);
			runOnlyForDeploymentPostprocessing = 0;
		};
		6A52EB421CC1177A00A6BC5C /* Sources */ = {
			isa = PBXSourcesBuildPhase;
			buildActionMask = 2147483647;
			files = (
				6A52EB4B1CC1177A00A6BC5C /* AskariTests.swift in Sources */,
			);
			runOnlyForDeploymentPostprocessing = 0;
		};
/* End PBXSourcesBuildPhase section */

/* Begin PBXTargetDependency section */
		6A52EB481CC1177A00A6BC5C /* PBXTargetDependency */ = {
			isa = PBXTargetDependency;
			target = 6A52EB311CC1177900A6BC5C /* Askari */;
			targetProxy = 6A52EB471CC1177A00A6BC5C /* PBXContainerItemProxy */;
		};
/* End PBXTargetDependency section */

/* Begin PBXVariantGroup section */
		6A52EB391CC1177A00A6BC5C /* Main.storyboard */ = {
			isa = PBXVariantGroup;
			children = (
				6A52EB3A1CC1177A00A6BC5C /* Base */,
			);
			name = Main.storyboard;
			sourceTree = "<group>";
		};
		6A52EB3E1CC1177A00A6BC5C /* LaunchScreen.storyboard */ = {
			isa = PBXVariantGroup;
			children = (
				6A52EB3F1CC1177A00A6BC5C /* Base */,
			);
			name = LaunchScreen.storyboard;
			sourceTree = "<group>";
		};
/* End PBXVariantGroup section */

/* Begin XCBuildConfiguration section */
		6A52EB4D1CC1177A00A6BC5C /* Debug */ = {
			isa = XCBuildConfiguration;
			buildSettings = {
				ALWAYS_SEARCH_USER_PATHS = NO;
				CLANG_ANALYZER_NONNULL = YES;
				CLANG_CXX_LANGUAGE_STANDARD = "gnu++0x";
				CLANG_CXX_LIBRARY = "libc++";
				CLANG_ENABLE_MODULES = YES;
				CLANG_ENABLE_OBJC_ARC = YES;
				CLANG_WARN_BOOL_CONVERSION = YES;
				CLANG_WARN_CONSTANT_CONVERSION = YES;
				CLANG_WARN_DIRECT_OBJC_ISA_USAGE = YES_ERROR;
				CLANG_WARN_EMPTY_BODY = YES;
				CLANG_WARN_ENUM_CONVERSION = YES;
				CLANG_WARN_INT_CONVERSION = YES;
				CLANG_WARN_OBJC_ROOT_CLASS = YES_ERROR;
				CLANG_WARN_UNREACHABLE_CODE = YES;
				CLANG_WARN__DUPLICATE_METHOD_MATCH = YES;
				"CODE_SIGN_IDENTITY[sdk=iphoneos*]" = "iPhone Developer";
				COPY_PHASE_STRIP = NO;
				DEBUG_INFORMATION_FORMAT = dwarf;
				ENABLE_STRICT_OBJC_MSGSEND = YES;
				ENABLE_TESTABILITY = YES;
				GCC_C_LANGUAGE_STANDARD = gnu99;
				GCC_DYNAMIC_NO_PIC = NO;
				GCC_NO_COMMON_BLOCKS = YES;
				GCC_OPTIMIZATION_LEVEL = 0;
				GCC_PREPROCESSOR_DEFINITIONS = (
					"DEBUG=1",
					"$(inherited)",
				);
				GCC_WARN_64_TO_32_BIT_CONVERSION = YES;
				GCC_WARN_ABOUT_RETURN_TYPE = YES_ERROR;
				GCC_WARN_UNDECLARED_SELECTOR = YES;
				GCC_WARN_UNINITIALIZED_AUTOS = YES_AGGRESSIVE;
				GCC_WARN_UNUSED_FUNCTION = YES;
				GCC_WARN_UNUSED_VARIABLE = YES;
				IPHONEOS_DEPLOYMENT_TARGET = 9.3;
				MTL_ENABLE_DEBUG_INFO = YES;
				ONLY_ACTIVE_ARCH = YES;
				SDKROOT = iphoneos;
				SWIFT_OPTIMIZATION_LEVEL = "-Onone";
				TARGETED_DEVICE_FAMILY = "1,2";
			};
			name = Debug;
		};
		6A52EB4E1CC1177A00A6BC5C /* Release */ = {
			isa = XCBuildConfiguration;
			buildSettings = {
				ALWAYS_SEARCH_USER_PATHS = NO;
				CLANG_ANALYZER_NONNULL = YES;
				CLANG_CXX_LANGUAGE_STANDARD = "gnu++0x";
				CLANG_CXX_LIBRARY = "libc++";
				CLANG_ENABLE_MODULES = YES;
				CLANG_ENABLE_OBJC_ARC = YES;
				CLANG_WARN_BOOL_CONVERSION = YES;
				CLANG_WARN_CONSTANT_CONVERSION = YES;
				CLANG_WARN_DIRECT_OBJC_ISA_USAGE = YES_ERROR;
				CLANG_WARN_EMPTY_BODY = YES;
				CLANG_WARN_ENUM_CONVERSION = YES;
				CLANG_WARN_INT_CONVERSION = YES;
				CLANG_WARN_OBJC_ROOT_CLASS = YES_ERROR;
				CLANG_WARN_UNREACHABLE_CODE = YES;
				CLANG_WARN__DUPLICATE_METHOD_MATCH = YES;
				"CODE_SIGN_IDENTITY[sdk=iphoneos*]" = "iPhone Developer";
				COPY_PHASE_STRIP = NO;
				DEBUG_INFORMATION_FORMAT = "dwarf-with-dsym";
				ENABLE_NS_ASSERTIONS = NO;
				ENABLE_STRICT_OBJC_MSGSEND = YES;
				GCC_C_LANGUAGE_STANDARD = gnu99;
				GCC_NO_COMMON_BLOCKS = YES;
				GCC_WARN_64_TO_32_BIT_CONVERSION = YES;
				GCC_WARN_ABOUT_RETURN_TYPE = YES_ERROR;
				GCC_WARN_UNDECLARED_SELECTOR = YES;
				GCC_WARN_UNINITIALIZED_AUTOS = YES_AGGRESSIVE;
				GCC_WARN_UNUSED_FUNCTION = YES;
				GCC_WARN_UNUSED_VARIABLE = YES;
				IPHONEOS_DEPLOYMENT_TARGET = 9.3;
				MTL_ENABLE_DEBUG_INFO = NO;
				SDKROOT = iphoneos;
				TARGETED_DEVICE_FAMILY = "1,2";
				VALIDATE_PRODUCT = YES;
			};
			name = Release;
		};
		6A52EB501CC1177A00A6BC5C /* Debug */ = {
			isa = XCBuildConfiguration;
			baseConfigurationReference = A46D759E4A1E70A22AAB53E3 /* Pods-Askari.debug.xcconfig */;
			buildSettings = {
				ASSETCATALOG_COMPILER_APPICON_NAME = AppIcon;
				INFOPLIST_FILE = Askari/Info.plist;
				LD_RUNPATH_SEARCH_PATHS = "$(inherited) @executable_path/Frameworks";
				PRODUCT_BUNDLE_IDENTIFIER = com.7musketeers.Askari;
				PRODUCT_NAME = "$(TARGET_NAME)";
			};
			name = Debug;
		};
		6A52EB511CC1177A00A6BC5C /* Release */ = {
			isa = XCBuildConfiguration;
			baseConfigurationReference = E445731E021F2D05419617AC /* Pods-Askari.release.xcconfig */;
			buildSettings = {
				ASSETCATALOG_COMPILER_APPICON_NAME = AppIcon;
				INFOPLIST_FILE = Askari/Info.plist;
				LD_RUNPATH_SEARCH_PATHS = "$(inherited) @executable_path/Frameworks";
				PRODUCT_BUNDLE_IDENTIFIER = com.7musketeers.Askari;
				PRODUCT_NAME = "$(TARGET_NAME)";
			};
			name = Release;
		};
		6A52EB531CC1177A00A6BC5C /* Debug */ = {
			isa = XCBuildConfiguration;
			baseConfigurationReference = 68C8D80C8F0C72D5D4857CFF /* Pods-AskariTests.debug.xcconfig */;
			buildSettings = {
				BUNDLE_LOADER = "$(TEST_HOST)";
				INFOPLIST_FILE = AskariTests/Info.plist;
				LD_RUNPATH_SEARCH_PATHS = "$(inherited) @executable_path/Frameworks @loader_path/Frameworks";
				PRODUCT_BUNDLE_IDENTIFIER = com.7musketeers.AskariTests;
				PRODUCT_NAME = "$(TARGET_NAME)";
				TEST_HOST = "$(BUILT_PRODUCTS_DIR)/Askari.app/Askari";
			};
			name = Debug;
		};
		6A52EB541CC1177A00A6BC5C /* Release */ = {
			isa = XCBuildConfiguration;
			baseConfigurationReference = 9B80183316DC9A67B74C7E91 /* Pods-AskariTests.release.xcconfig */;
			buildSettings = {
				BUNDLE_LOADER = "$(TEST_HOST)";
				INFOPLIST_FILE = AskariTests/Info.plist;
				LD_RUNPATH_SEARCH_PATHS = "$(inherited) @executable_path/Frameworks @loader_path/Frameworks";
				PRODUCT_BUNDLE_IDENTIFIER = com.7musketeers.AskariTests;
				PRODUCT_NAME = "$(TARGET_NAME)";
				TEST_HOST = "$(BUILT_PRODUCTS_DIR)/Askari.app/Askari";
			};
			name = Release;
		};
/* End XCBuildConfiguration section */

/* Begin XCConfigurationList section */
		6A52EB2D1CC1177900A6BC5C /* Build configuration list for PBXProject "Askari" */ = {
			isa = XCConfigurationList;
			buildConfigurations = (
				6A52EB4D1CC1177A00A6BC5C /* Debug */,
				6A52EB4E1CC1177A00A6BC5C /* Release */,
			);
			defaultConfigurationIsVisible = 0;
			defaultConfigurationName = Release;
		};
		6A52EB4F1CC1177A00A6BC5C /* Build configuration list for PBXNativeTarget "Askari" */ = {
			isa = XCConfigurationList;
			buildConfigurations = (
				6A52EB501CC1177A00A6BC5C /* Debug */,
				6A52EB511CC1177A00A6BC5C /* Release */,
			);
			defaultConfigurationIsVisible = 0;
			defaultConfigurationName = Release;
		};
		6A52EB521CC1177A00A6BC5C /* Build configuration list for PBXNativeTarget "AskariTests" */ = {
			isa = XCConfigurationList;
			buildConfigurations = (
				6A52EB531CC1177A00A6BC5C /* Debug */,
				6A52EB541CC1177A00A6BC5C /* Release */,
			);
			defaultConfigurationIsVisible = 0;
			defaultConfigurationName = Release;
		};
/* End XCConfigurationList section */
	};
	rootObject = 6A52EB2A1CC1177900A6BC5C /* Project object */;
}
